{
  "lockfileVersion": 1,
  "configVersion": 1,
  "workspaces": {
    "": {
      "name": "@exnest/pdf-engine",
      "dependencies": {
        "@napi-rs/canvas": "^1.0.6",
        "pdfjs-dist": "^6.2.108",
      },
      "devDependencies": {
        "@nestjs/common": "^10.4.15",
        "@nestjs/core": "^11.2.1",
        "@types/node": "^22.10.2",
        "bun-types": "^1.3.14",
        "elysia": "^1.4.24",
        "pdf-lib": "^1.17.1",
        "reflect-metadata": "^0.2.2",
        "rxjs": "^7.8.1",
        "typescript": "^5.6.3",
      },
      "peerDependencies": {
        "@nestjs/common": ">=8 <12",
        "elysia": ">=1.4",
      },
      "optionalPeers": [
        "@nestjs/common",
        "elysia",
      ],
    },
  },
  "packages": {
    "@borewit/text-codec": ["@borewit/text-codec@0.2.2", "", {}, "sha512-DDaRehssg1aNrH4+2hnj1B7vnUGEjU6OIlyRdkMd0aUdIUvKXrJfXsy8LVtXAy7DRvYVluWbMspsRhz2lcW0mQ=="],

    "@lukeed/csprng": ["@lukeed/csprng@1.1.0", "", {}, "sha512-Z7C/xXCiGWsg0KuKsHTKJxbWhpI3Vs5GwLfOean7MGyVFGqdRgBbAjOCh6u4bbjPc/8MJ2pZmK/0DLdCbivLDA=="],

    "@napi-rs/canvas": ["@napi-rs/canvas@1.0.6", "", { "optionalDependencies": { "@napi-rs/canvas-android-arm64": "1.0.6", "@napi-rs/canvas-darwin-arm64": "1.0.6", "@napi-rs/canvas-darwin-x64": "1.0.6", "@napi-rs/canvas-linux-arm-gnueabihf": "1.0.6", "@napi-rs/canvas-linux-arm64-gnu": "1.0.6", "@napi-rs/canvas-linux-arm64-musl": "1.0.6", "@napi-rs/canvas-linux-riscv64-gnu": "1.0.6", "@napi-rs/canvas-linux-x64-gnu": "1.0.6", "@napi-rs/canvas-linux-x64-musl": "1.0.6", "@napi-rs/canvas-win32-arm64-msvc": "1.0.6", "@napi-rs/canvas-win32-x64-msvc": "1.0.6" } }, "sha512-Ud4d0jLr9vSaakvfOTIjgP3hoY8kMIYgHC4mtE4L0bP3St9lf6TyCVsInvFIOEofzcUeMfDydHDy8Fs2WuWz+A=="],

    "@napi-rs/canvas-android-arm64": ["@napi-rs/canvas-android-arm64@1.0.6", "", { "os": "android", "cpu": "arm64" }, "sha512-CZUmZEyN/cmSN1OhRJ44vBE6xyb5ekBbsIF8dqNgizbnAiHSFNi8eAA4oyyIAe5KzJ72K16OKC2lAynZLhv32Q=="],

    "@napi-rs/canvas-darwin-arm64": ["@napi-rs/canvas-darwin-arm64@1.0.6", "", { "os": "darwin", "cpu": "arm64" }, "sha512-FGJsIngRfS9LDaX4t/lFthqn2Km6b61ONzjJFC6+yuabL1NgaK7x0fwrj8276OQFkjCvSpJZ7+CeZWgcy03F2w=="],

    "@napi-rs/canvas-darwin-x64": ["@napi-rs/canvas-darwin-x64@1.0.6", "", { "os": "darwin", "cpu": "x64" }, "sha512-wLDrtfX9V4bu6O55/WwGvPVCjfunL2bEm59lzIFk9ZQOt7oJrPzdx/ytZiQr6bMZ9XOFwvXujszYtpoCK7yUbg=="],

    "@napi-rs/canvas-linux-arm-gnueabihf": ["@napi-rs/canvas-linux-arm-gnueabihf@1.0.6", "", { "os": "linux", "cpu": "arm" }, "sha512-8TllEP/9UPDVxrBN/tnbGBsxxwG8Eo2tgyW8wDy+Gi9rm9si2I6MsDv9MlfI3a7JOuzkBcurHYDHZxwLgzAIdA=="],

    "@napi-rs/canvas-linux-arm64-gnu": ["@napi-rs/canvas-linux-arm64-gnu@1.0.6", "", { "os": "linux", "cpu": "arm64" }, "sha512-YF15AKoGrgU7aoA03CR+cATCRPQcVt6L14Lb/a9hqK7pT7/DhIkqh4qyl+a2GLfqx++yIIJfBuZ3sHM3zlXM1Q=="],

    "@napi-rs/canvas-linux-arm64-musl": ["@napi-rs/canvas-linux-arm64-musl@1.0.6", "", { "os": "linux", "cpu": "arm64" }, "sha512-zXeVWNFpj720HZln0bfAs+1/nP3Wy6Z5hUw60UJu+cvgips5jZtuX2+EjDHFk98q3BY35GaE1TQLwE9S244vPA=="],

    "@napi-rs/canvas-linux-riscv64-gnu": ["@napi-rs/canvas-linux-riscv64-gnu@1.0.6", "", { "os": "linux", "cpu": "none" }, "sha512-kvy1Ypq4ODEI2WRNGvs588qTMcWCjlEIuZRyW8JXpiBnMUirgxQukIDFVDQEcrLlHP5cqZ9cvvfOkBJ7koOktA=="],

    "@napi-rs/canvas-linux-x64-gnu": ["@napi-rs/canvas-linux-x64-gnu@1.0.6", "", { "os": "linux", "cpu": "x64" }, "sha512-czHnfLgSCl48iluS6bNrytGYhsbSTUuIvMucAwO0mPEj1uhkHk6SUiRI0xoqv0PSFzpGFfSnQvFpm7vV+tDO+A=="],

    "@napi-rs/canvas-linux-x64-musl": ["@napi-rs/canvas-linux-x64-musl@1.0.6", "", { "os": "linux", "cpu": "x64" }, "sha512-afsg6GyfUx8qZzjsywjimXUEWcSWETY5F80hmMb2FWVSXkRbor8IpftY2gXnasq+Y42Xug/76qTHwqvti7HRTw=="],

    "@napi-rs/canvas-win32-arm64-msvc": ["@napi-rs/canvas-win32-arm64-msvc@1.0.6", "", { "os": "win32", "cpu": "arm64" }, "sha512-byzha357piy0wgK6IZOQtU4plpt94f6CxHFS7LhJpWYrDWWT/AitQNxRMfCNNaQHZXUB3BwNhQSfH2RpiZ0WaQ=="],

    "@napi-rs/canvas-win32-x64-msvc": ["@napi-rs/canvas-win32-x64-msvc@1.0.6", "", { "os": "win32", "cpu": "x64" }, "sha512-gWLOgKGZz3hZhzg49q2PJIURwy2pCWh1zvNFXmLO1yineOPhEpoL3EV6/VIjOiKa1l2P6ieP12Eo385u1MLLVQ=="],

    "@nestjs/common": ["@nestjs/common@10.4.22", "", { "dependencies": { "file-type": "20.4.1", "iterare": "1.2.1", "tslib": "2.8.1", "uid": "2.0.2" }, "peerDependencies": { "class-transformer": "*", "class-validator": "*", "reflect-metadata": "^0.1.12 || ^0.2.0", "rxjs": "^7.1.0" }, "optionalPeers": ["class-transformer", "class-validator"] }, "sha512-fxJ4v85nDHaqT1PmfNCQ37b/jcv2OojtXTaK1P2uAXhzLf9qq6WNUOFvxBrV4fhQek1EQoT1o9oj5xAZmv3NRw=="],

    "@nestjs/core": ["@nestjs/core@11.2.1", "", { "dependencies": { "fast-safe-stringify": "2.1.1", "iterare": "1.2.1", "path-to-regexp": "8.4.2", "tslib": "2.8.1", "uid": "2.0.2" }, "peerDependencies": { "@nestjs/common": "^11.0.0", "@nestjs/microservices": "^11.0.0", "@nestjs/platform-express": "^11.0.0", "@nestjs/websockets": "^11.0.0", "reflect-metadata": "^0.1.12 || ^0.2.0", "rxjs": "^7.1.0" }, "optionalPeers": ["@nestjs/microservices", "@nestjs/platform-express", "@nestjs/websockets"] }, "sha512-M5PWFU8NdRTgX9Po49d7TQKg7f5t8GAVUa/Esy4tmaMWcKugTzg3ZzpJfD3LEPMuRHjfs6+8pQYgtuP2uz3rDw=="],

    "@pdf-lib/standard-fonts": ["@pdf-lib/standard-fonts@1.0.0", "", { "dependencies": { "pako": "^1.0.6" } }, "sha512-hU30BK9IUN/su0Mn9VdlVKsWBS6GyhVfqjwl1FjZN4TxP6cCw0jP2w7V3Hf5uX7M0AZJ16vey9yE0ny7Sa59ZA=="],

    "@pdf-lib/upng": ["@pdf-lib/upng@1.0.1", "", { "dependencies": { "pako": "^1.0.10" } }, "sha512-dQK2FUMQtowVP00mtIksrlZhdFXQZPC+taih1q4CvPZ5vqdxR/LKBaFg0oAfzd1GlHZXXSPdQfzQnt+ViGvEIQ=="],

    "@sinclair/typebox": ["@sinclair/typebox@0.34.52", "", {}, "sha512-XiMQh7qqVlxZzcVD+kkGMNGMzcTrDMLWI7S4x7z1MkCkbDPrekpZXEUK0eZqZFMuHQg2a2DZOcDIh9o5v3Gonw=="],

    "@tokenizer/inflate": ["@tokenizer/inflate@0.2.7", "", { "dependencies": { "debug": "^4.4.0", "fflate": "^0.8.2", "token-types": "^6.0.0" } }, "sha512-MADQgmZT1eKjp06jpI2yozxaU9uVs4GzzgSL+uEq7bVcJ9V1ZXQkeGNql1fsSI0gMy1vhvNTNbUqrx+pZfJVmg=="],

    "@tokenizer/token": ["@tokenizer/token@0.3.0", "", {}, "sha512-OvjF+z51L3ov0OyAU0duzsYuvO01PH7x4t6DJx+guahgTnBHkhJdG7soQeTSFLWN3efnHyibZ4Z8l2EuWwJN3A=="],

    "@types/node": ["@types/node@22.20.1", "", { "dependencies": { "undici-types": "~6.21.0" } }, "sha512-EANqOCF9QFyra+4pfxUcX9STKJpCLjMbObVzljIJomAWSnuSIEAvyzEU53GaajbXJEgdh0iEcPL+DGvpUd4k1Q=="],

    "bun-types": ["bun-types@1.3.14", "", { "dependencies": { "@types/node": "*" } }, "sha512-4N0ig0fEomHt5R0KCFWjovxow98rIoRwKolrYdCcknNwMekCXRnWEUvgu5soYV8QXtVsrUD8B95MBOZGPvr6KQ=="],

    "cookie": ["cookie@1.1.1", "", {}, "sha512-ei8Aos7ja0weRpFzJnEA9UHJ/7XQmqglbRwnf2ATjcB9Wq874VKH9kfjjirM6UhU2/E5fFYadylyhFldcqSidQ=="],

    "debug": ["debug@4.4.3", "", { "dependencies": { "ms": "^2.1.3" } }, "sha512-RGwwWnwQvkVfavKVt22FGLw+xYSdzARwm0ru6DhTVA3umU5hZc28V3kO4stgYryrTlLpuvgI9GiijltAjNbcqA=="],

    "elysia": ["elysia@1.4.29", "", { "dependencies": { "cookie": "^1.1.1", "exact-mirror": "^0.2.7", "fast-decode-uri-component": "^1.0.1", "memoirist": "^0.4.0" }, "peerDependencies": { "@sinclair/typebox": ">= 0.34.0 < 1", "@types/bun": ">= 1.2.0", "file-type": ">= 20.0.0", "openapi-types": ">= 12.0.0", "typescript": ">= 5.0.0" }, "optionalPeers": ["@types/bun", "typescript"] }, "sha512-GwMRGGwSdjfPt+w3LA0fqTuYJtS8uVRJicvoar98/HrO5qdFKDc9CwjIb6Kja+v39lkY+58hr2JvdR9jQzlUuA=="],

    "exact-mirror": ["exact-mirror@0.2.7", "", { "peerDependencies": { "@sinclair/typebox": "^0.34.15" }, "optionalPeers": ["@sinclair/typebox"] }, "sha512-+MeEmDcLA4o/vjK2zujgk+1VTxPR4hdp23qLqkWfStbECtAq9gmsvQa3LW6z/0GXZyHJobrCnmy1cdeE7BjsYg=="],

    "fast-decode-uri-component": ["fast-decode-uri-component@1.0.1", "", {}, "sha512-WKgKWg5eUxvRZGwW8FvfbaH7AXSh2cL+3j5fMGzUMCxWBJ3dV3a7Wz8y2f/uQ0e3B6WmodD3oS54jTQ9HVTIIg=="],

    "fast-safe-stringify": ["fast-safe-stringify@2.1.1", "", {}, "sha512-W+KJc2dmILlPplD/H4K9l9LcAHAfPtP6BY84uVLXQ6Evcz9Lcg33Y2z1IVblT6xdY54PXYVHEv+0Wpq8Io6zkA=="],

    "fflate": ["fflate@0.8.3", "", {}, "sha512-tbZNuJrLwGUp3zshBtdy4W+ORxZuIh8a5ilyIEQDC5rY1f3U20JMry0Ll3WBzU58EZKsEuJFXhb5gwv8CsPvgA=="],

    "file-type": ["file-type@20.4.1", "", { "dependencies": { "@tokenizer/inflate": "^0.2.6", "strtok3": "^10.2.0", "token-types": "^6.0.0", "uint8array-extras": "^1.4.0" } }, "sha512-hw9gNZXUfZ02Jo0uafWLaFVPter5/k2rfcrjFJJHX/77xtSDOfJuEFb6oKlFV86FLP1SuyHMW1PSk0U9M5tKkQ=="],

    "ieee754": ["ieee754@1.2.1", "", {}, "sha512-dcyqhDvX1C46lXZcVqCpK+FtMRQVdIMN6/Df5js2zouUsqG7I6sFxitIC+7KYK29KdXOLHdu9zL4sFnoVQnqaA=="],

    "iterare": ["iterare@1.2.1", "", {}, "sha512-RKYVTCjAnRthyJes037NX/IiqeidgN1xc3j1RjFfECFp28A1GVwK9nA+i0rJPaHqSZwygLzRnFlzUuHFoWWy+Q=="],

    "memoirist": ["memoirist@0.4.0", "", {}, "sha512-zxTgA0mSYELa66DimuNQDvyLq36AwDlTuVRbnQtB+VuTcKWm5Qc4z3WkSpgsFWHNhexqkIooqpv4hdcqrX5Nmg=="],

    "ms": ["ms@2.1.3", "", {}, "sha512-6FlzubTLZG3J2a/NVCAleEhjzq5oxgHyaCU9yYXvcLsvoVaHJq/s5xXI6/XXP6tz7R9xAOtHnSO/tXtF3WRTlA=="],

    "openapi-types": ["openapi-types@12.1.3", "", {}, "sha512-N4YtSYJqghVu4iek2ZUvcN/0aqH1kRDuNqzcycDxhOUpg7GdvLa2F3DgS6yBNhInhv2r/6I0Flkn7CqL8+nIcw=="],

    "pako": ["pako@1.0.11", "", {}, "sha512-4hLB8Py4zZce5s4yd9XzopqwVv/yGNhV1Bl8NTmCq1763HeK2+EwVTv+leGeL13Dnh2wfbqowVPXCIO0z4taYw=="],

    "path-to-regexp": ["path-to-regexp@8.4.2", "", {}, "sha512-qRcuIdP69NPm4qbACK+aDogI5CBDMi1jKe0ry5rSQJz8JVLsC7jV8XpiJjGRLLol3N+R5ihGYcrPLTno6pAdBA=="],

    "pdf-lib": ["pdf-lib@1.17.1", "", { "dependencies": { "@pdf-lib/standard-fonts": "^1.0.0", "@pdf-lib/upng": "^1.0.1", "pako": "^1.0.11", "tslib": "^1.11.1" } }, "sha512-V/mpyJAoTsN4cnP31vc0wfNA1+p20evqqnap0KLoRUN0Yk/p3wN52DOEsL4oBFcLdb76hlpKPtzJIgo67j/XLw=="],

    "pdfjs-dist": ["pdfjs-dist@6.2.108", "", { "optionalDependencies": { "@napi-rs/canvas": "^1.0.0" } }, "sha512-YxFb+SQcodN2rnX9Tn3dHYlqfb7NjlzzfONPpJd+AKoKtUjEdevTfbC07d5TcczzOK6261auRkP/M8OBHs9vFQ=="],

    "reflect-metadata": ["reflect-metadata@0.2.2", "", {}, "sha512-urBwgfrvVP/eAyXx4hluJivBKzuEbSQs9rKWCrCkbSxNv8mxPcUZKeuoF3Uy4mJl3Lwprp6yy5/39VWigZ4K6Q=="],

    "rxjs": ["rxjs@7.8.2", "", { "dependencies": { "tslib": "^2.1.0" } }, "sha512-dhKf903U/PQZY6boNNtAGdWbG85WAbjT/1xYoZIC7FAY0yWapOBQVsVrDl58W86//e1VpMNBtRV4MaXfdMySFA=="],

    "strtok3": ["strtok3@10.3.5", "", { "dependencies": { "@tokenizer/token": "^0.3.0" } }, "sha512-ki4hZQfh5rX0QDLLkOCj+h+CVNkqmp/CMf8v8kZpkNVK6jGQooMytqzLZYUVYIZcFZ6yDB70EfD8POcFXiF5oA=="],

    "token-types": ["token-types@6.1.2", "", { "dependencies": { "@borewit/text-codec": "^0.2.1", "@tokenizer/token": "^0.3.0", "ieee754": "^1.2.1" } }, "sha512-dRXchy+C0IgK8WPC6xvCHFRIWYUbqqdEIKPaKo/AcTUNzwLTK6AH7RjdLWsEZcAN/TBdtfUw3PYEgPr5VPr6ww=="],

    "tslib": ["tslib@2.8.1", "", {}, "sha512-oJFu94HQb+KVduSUQL7wnpmqnfmLsOA/nAh6b6EH0wCEoK0/mPeXU6c3wKDV83MkOuHPRHtSXKKU99IBazS/2w=="],

    "typescript": ["typescript@5.9.3", "", { "bin": { "tsc": "bin/tsc", "tsserver": "bin/tsserver" } }, "sha512-jl1vZzPDinLr9eUt3J/t7V6FgNEw9QjvBPdysz9KfQDD41fQrC2Y4vKQdiaUpFT4bXlb1RHhLpp8wtm6M5TgSw=="],

    "uid": ["uid@2.0.2", "", { "dependencies": { "@lukeed/csprng": "^1.0.0" } }, "sha512-u3xV3X7uzvi5b1MncmZo3i2Aw222Zk1keqLA1YkHldREkAhAqi65wuPfe7lHx8H/Wzy+8CE7S7uS3jekIM5s8g=="],

    "uint8array-extras": ["uint8array-extras@1.5.0", "", {}, "sha512-rvKSBiC5zqCCiDZ9kAOszZcDvdAHwwIKJG33Ykj43OKcWsnmcBRL09YTU4nOeHZ8Y2a7l1MgTd08SBe9A8Qj6A=="],

    "undici-types": ["undici-types@6.21.0", "", {}, "sha512-iwDZqg0QAGrg9Rav5H4n0M64c3mkR59cJ6wQp+7C4nI0gsmExaedaYLNO44eT4AtBBwjbTiGPMlt2Md0T9H9JQ=="],

    "pdf-lib/tslib": ["tslib@1.14.1", "", {}, "sha512-Xni35NKzjgMrwevysHTCArtLDpPvye8zV/0E4EyYn43P7/7qvQwPh9BGkHewbMulVntbigmcT7rdX3BNo9wRJg=="],
  }
}
